// !$*UTF8*$!
{
	archiveVersion = 1;
	classes = {
	};
	objectVersion = 50;
	objects = {

/* Begin PBXBuildFile section */
		55112FD526C8093300636B90 /* Categories.swift in Sources */ = {isa = PBXBuildFile; fileRef = 55112FD426C8093300636B90 /* Categories.swift */; };
		5599AF0526C6AA7100346181 /* Best_SellersApp.swift in Sources */ = {isa = PBXBuildFile; fileRef = 5599AF0426C6AA7100346181 /* Best_SellersApp.swift */; };
		5599AF0726C6AA7100346181 /* ContentView.swift in Sources */ = {isa = PBXBuildFile; fileRef = 5599AF0626C6AA7100346181 /* ContentView.swift */; };
		5599AF0926C6AA7200346181 /* Assets.xcassets in Resources */ = {isa = PBXBuildFile; fileRef = 5599AF0826C6AA7200346181 /* Assets.xcassets */; };
		5599AF0C26C6AA7200346181 /* Preview Assets.xcassets in Resources */ = {isa = PBXBuildFile; fileRef = 5599AF0B26C6AA7200346181 /* Preview Assets.xcassets */; };
		5599AF1426C6AAB200346181 /* BSList.swift in Sources */ = {isa = PBXBuildFile; fileRef = 5599AF1326C6AAB200346181 /* BSList.swift */; };
		5599AF1626C7385E00346181 /* BookDetail.swift in Sources */ = {isa = PBXBuildFile; fileRef = 5599AF1526C7385E00346181 /* BookDetail.swift */; };
		5599AF1826C738C300346181 /* Extensions.swift in Sources */ = {isa = PBXBuildFile; fileRef = 5599AF1726C738C300346181 /* Extensions.swift */; };
		5599AF1A26C7431300346181 /* BuyLinks.swift in Sources */ = {isa = PBXBuildFile; fileRef = 5599AF1926C7431300346181 /* BuyLinks.swift */; };
		55E7CF9426CB24A700DF2D0D /* HelperViews.swift in Sources */ = {isa = PBXBuildFile; fileRef = 55E7CF9326CB24A700DF2D0D /* HelperViews.swift */; };
/* End PBXBuildFile section */

/* Begin PBXFileReference section */
		55112FD426C8093300636B90 /* Categories.swift */ = {isa = PBXFileReference; lastKnownFileType = sourcecode.swift; path = Categories.swift; sourceTree = "<group>"; };
		5599AF0126C6AA7100346181 /* Best Sellers.app */ = {isa = PBXFileReference; explicitFileType = wrapper.application; includeInIndex = 0; path = "Best Sellers.app"; sourceTree = BUILT_PRODUCTS_DIR; };
		5599AF0426C6AA7100346181 /* Best_SellersApp.swift */ = {isa = PBXFileReference; lastKnownFileType = sourcecode.swift; path = Best_SellersApp.swift; sourceTree = "<group>"; };
		5599AF0626C6AA7100346181 /* ContentView.swift */ = {isa = PBXFileReference; lastKnownFileType = sourcecode.swift; path = ContentView.swift; sourceTree = "<group>"; };
		5599AF0826C6AA7200346181 /* Assets.xcassets */ = {isa = PBXFileReference; lastKnownFileType = folder.assetcatalog; path = Assets.xcassets; sourceTree = "<group>"; };
		5599AF0B26C6AA7200346181 /* Preview Assets.xcassets */ = {isa = PBXFileReference; lastKnownFileType = folder.assetcatalog; path = "Preview Assets.xcassets"; sourceTree = "<group>"; };
		5599AF0D26C6AA7200346181 /* Info.plist */ = {isa = PBXFileReference; lastKnownFileType = text.plist.xml; path = Info.plist; sourceTree = "<group>"; };
		5599AF1326C6AAB200346181 /* BSList.swift */ = {isa = PBXFileReference; lastKnownFileType = sourcecode.swift; path = BSList.swift; sourceTree = "<group>"; };
		5599AF1526C7385E00346181 /* BookDetail.swift */ = {isa = PBXFileReference; lastKnownFileType = sourcecode.swift; path = BookDetail.swift; sourceTree = "<group>"; };
		5599AF1726C738C300346181 /* Extensions.swift */ = {isa = PBXFileReference; lastKnownFileType = sourcecode.swift; path = Extensions.swift; sourceTree = "<group>"; };
		5599AF1926C7431300346181 /* BuyLinks.swift */ = {isa = PBXFileReference; lastKnownFileType = sourcecode.swift; path = BuyLinks.swift; sourceTree = "<group>"; };
		55E7CF9326CB24A700DF2D0D /* HelperViews.swift */ = {isa = PBXFileReference; lastKnownFileType = sourcecode.swift; path = HelperViews.swift; sourceTree = "<group>"; };
/* End PBXFileReference section */

/* Begin PBXFrameworksBuildPhase section */
		5599AEFE26C6AA7000346181 /* Frameworks */ = {
			isa = PBXFrameworksBuildPhase;
			buildActionMask = 2147483647;
			files = (
			);
			runOnlyForDeploymentPostprocessing = 0;
		};
/* End PBXFrameworksBuildPhase section */

/* Begin PBXGroup section */
		5599AEF826C6AA7000346181 = {
			isa = PBXGroup;
			children = (
				5599AF0326C6AA7100346181 /* Best Sellers */,
				5599AF0226C6AA7100346181 /* Products */,
			);
			sourceTree = "<group>";
		};
		5599AF0226C6AA7100346181 /* Products */ = {
			isa = PBXGroup;
			children = (
				5599AF0126C6AA7100346181 /* Best Sellers.app */,
			);
			name = Products;
			sourceTree = "<group>";
		};
		5599AF0326C6AA7100346181 /* Best Sellers */ = {
			isa = PBXGroup;
			children = (
				55A7DFE426C84B3D00C1BE13 /* Models */,
				55A7DFE526C84CAB00C1BE13 /* Helpers */,
				5599AF0426C6AA7100346181 /* Best_SellersApp.swift */,
				5599AF0626C6AA7100346181 /* ContentView.swift */,
				5599AF1526C7385E00346181 /* BookDetail.swift */,
				5599AF1926C7431300346181 /* BuyLinks.swift */,
				5599AF0826C6AA7200346181 /* Assets.xcassets */,
				5599AF0D26C6AA7200346181 /* Info.plist */,
				5599AF0A26C6AA7200346181 /* Preview Content */,
			);
			path = "Best Sellers";
			sourceTree = "<group>";
		};
		5599AF0A26C6AA7200346181 /* Preview Content */ = {
			isa = PBXGroup;
			children = (
				5599AF0B26C6AA7200346181 /* Preview Assets.xcassets */,
			);
			path = "Preview Content";
			sourceTree = "<group>";
		};
		55A7DFE426C84B3D00C1BE13 /* Models */ = {
			isa = PBXGroup;
			children = (
				55112FD426C8093300636B90 /* Categories.swift */,
				5599AF1326C6AAB200346181 /* BSList.swift */,
			);
			path = Models;
			sourceTree = "<group>";
		};
		55A7DFE526C84CAB00C1BE13 /* Helpers */ = {
			isa = PBXGroup;
			children = (
				5599AF1726C738C300346181 /* Extensions.swift */,
				55E7CF9326CB24A700DF2D0D /* HelperViews.swift */,
			);
			path = Helpers;
			sourceTree = "<group>";
		};
/* End PBXGroup section */

/* Begin PBXNativeTarget section */
		5599AF0026C6AA7000346181 /* Best Sellers */ = {
			isa = PBXNativeTarget;
			buildConfigurationList = 5599AF1026C6AA7200346181 /* Build configuration list for PBXNativeTarget "Best Sellers" */;
			buildPhases = (
				5599AEFD26C6AA7000346181 /* Sources */,
				5599AEFE26C6AA7000346181 /* Frameworks */,
				5599AEFF26C6AA7000346181 /* Resources */,
			);
			buildRules = (
			);
			dependencies = (
			);
			name = "Best Sellers";
			productName = "Best Sellers";
			productReference = 5599AF0126C6AA7100346181 /* Best Sellers.app */;
			productType = "com.apple.product-type.application";
		};
/* End PBXNativeTarget section */

/* Begin PBXProject section */
		5599AEF926C6AA7000346181 /* Project object */ = {
			isa = PBXProject;
			attributes = {
				LastSwiftUpdateCheck = 1250;
				LastUpgradeCheck = 1250;
				TargetAttributes = {
					5599AF0026C6AA7000346181 = {
						CreatedOnToolsVersion = 12.5.1;
					};
				};
			};
			buildConfigurationList = 5599AEFC26C6AA7000346181 /* Build configuration list for PBXProject "Best Sellers" */;
			compatibilityVersion = "Xcode 9.3";
			developmentRegion = en;
			hasScannedForEncodings = 0;
			knownRegions = (
				en,
				Base,
			);
			mainGroup = 5599AEF826C6AA7000346181;
			productRefGroup = 5599AF0226C6AA7100346181 /* Products */;
			projectDirPath = "";
			projectRoot = "";
			targets = (
				5599AF0026C6AA7000346181 /* Best Sellers */,
			);
		};
/* End PBXProject section */

/* Begin PBXResourcesBuildPhase section */
		5599AEFF26C6AA7000346181 /* Resources */ = {
			isa = PBXResourcesBuildPhase;
			buildActionMask = 2147483647;
			files = (
				5599AF0C26C6AA7200346181 /* Preview Assets.xcassets in Resources */,
				5599AF0926C6AA7200346181 /* Assets.xcassets in Resources */,
			);
			runOnlyForDeploymentPostprocessing = 0;
		};
/* End PBXResourcesBuildPhase section */

/* Begin PBXSourcesBuildPhase section */
		5599AEFD26C6AA7000346181 /* Sources */ = {
			isa = PBXSourcesBuildPhase;
			buildActionMask = 2147483647;
			files = (
				5599AF1A26C7431300346181 /* BuyLinks.swift in Sources */,
				55112FD526C8093300636B90 /* Categories.swift in Sources */,
				55E7CF9426CB24A700DF2D0D /* HelperViews.swift in Sources */,
				5599AF1426C6AAB200346181 /* BSList.swift in Sources */,
				5599AF1626C7385E00346181 /* BookDetail.swift in Sources */,
				5599AF0726C6AA7100346181 /* ContentView.swift in Sources */,
				5599AF1826C738C300346181 /* Extensions.swift in Sources */,
				5599AF0526C6AA7100346181 /* Best_SellersApp.swift in Sources */,
			);
			runOnlyForDeploymentPostprocessing = 0;
		};
/* End PBXSourcesBuildPhase section */

/* Begin XCBuildConfiguration section */
		5599AF0E26C6AA7200346181 /* Debug */ = {
			isa = XCBuildConfiguration;
			buildSettings = {
				ALWAYS_SEARCH_USER_PATHS = NO;
				CLANG_ANALYZER_NONNULL = YES;
				CLANG_ANALYZER_NUMBER_OBJECT_CONVERSION = YES_AGGRESSIVE;
				CLANG_CXX_LANGUAGE_STANDARD = "gnu++14";
				CLANG_CXX_LIBRARY = "libc++";
				CLANG_ENABLE_MODULES = YES;
				CLANG_ENABLE_OBJC_ARC = YES;
				CLANG_ENABLE_OBJC_WEAK = YES;
				CLANG_WARN_BLOCK_CAPTURE_AUTORELEASING = YES;
				CLANG_WARN_BOOL_CONVERSION = YES;
				CLANG_WARN_COMMA = YES;
				CLANG_WARN_CONSTANT_CONVERSION = YES;
				CLANG_WARN_DEPRECATED_OBJC_IMPLEMENTATIONS = YES;
				CLANG_WARN_DIRECT_OBJC_ISA_USAGE = YES_ERROR;
				CLANG_WARN_DOCUMENTATION_COMMENTS = YES;
				CLANG_WARN_EMPTY_BODY = YES;
				CLANG_WARN_ENUM_CONVERSION = YES;
				CLANG_WARN_INFINITE_RECURSION = YES;
				CLANG_WARN_INT_CONVERSION = YES;
				CLANG_WARN_NON_LITERAL_NULL_CONVERSION = YES;
				CLANG_WARN_OBJC_IMPLICIT_RETAIN_SELF = YES;
				CLANG_WARN_OBJC_LITERAL_CONVERSION = YES;
				CLANG_WARN_OBJC_ROOT_CLASS = YES_ERROR;
				CLANG_WARN_QUOTED_INCLUDE_IN_FRAMEWORK_HEADER = YES;
				CLANG_WARN_RANGE_LOOP_ANALYSIS = YES;
				CLANG_WARN_STRICT_PROTOTYPES = YES;
				CLANG_WARN_SUSPICIOUS_MOVE = YES;
				CLANG_WARN_UNGUARDED_AVAILABILITY = YES_AGGRESSIVE;
				CLANG_WARN_UNREACHABLE_CODE = YES;
				CLANG_WARN__DUPLICATE_METHOD_MATCH = YES;
				COPY_PHASE_STRIP = NO;
				DEBUG_INFORMATION_FORMAT = dwarf;
				ENABLE_STRICT_OBJC_MSGSEND = YES;
				ENABLE_TESTABILITY = YES;
				GCC_C_LANGUAGE_STANDARD = gnu11;
				GCC_DYNAMIC_NO_PIC = NO;
				GCC_NO_COMMON_BLOCKS = YES;
				GCC_OPTIMIZATION_LEVEL = 0;
				GCC_PREPROCESSOR_DEFINITIONS = (
					"DEBUG=1",
					"$(inherited)",
				);
				GCC_WARN_64_TO_32_BIT_CONVERSION = YES;
				GCC_WARN_ABOUT_RETURN_TYPE = YES_ERROR;
				GCC_WARN_UNDECLARED_SELECTOR = YES;
				GCC_WARN_UNINITIALIZED_AUTOS = YES_AGGRESSIVE;
				GCC_WARN_UNUSED_FUNCTION = YES;
				GCC_WARN_UNUSED_VARIABLE = YES;
				IPHONEOS_DEPLOYMENT_TARGET = 14.5;
				MTL_ENABLE_DEBUG_INFO = INCLUDE_SOURCE;
				MTL_FAST_MATH = YES;
				ONLY_ACTIVE_ARCH = YES;
				SDKROOT = iphoneos;
				SWIFT_ACTIVE_COMPILATION_CONDITIONS = DEBUG;
				SWIFT_OPTIMIZATION_LEVEL = "-Onone";
			};
			name = Debug;
		};
		5599AF0F26C6AA7200346181 /* Release */ = {
			isa = XCBuildConfiguration;
			buildSettings = {
				ALWAYS_SEARCH_USER_PATHS = NO;
				CLANG_ANALYZER_NONNULL = YES;
				CLANG_ANALYZER_NUMBER_OBJECT_CONVERSION = YES_AGGRESSIVE;
				CLANG_CXX_LANGUAGE_STANDARD = "gnu++14";
				CLANG_CXX_LIBRARY = "libc++";
				CLANG_ENABLE_MODULES = YES;
				CLANG_ENABLE_OBJC_ARC = YES;
				CLANG_ENABLE_OBJC_WEAK = YES;
				CLANG_WARN_BLOCK_CAPTURE_AUTORELEASING = YES;
				CLANG_WARN_BOOL_CONVERSION = YES;
				CLANG_WARN_COMMA = YES;
				CLANG_WARN_CONSTANT_CONVERSION = YES;
				CLANG_WARN_DEPRECATED_OBJC_IMPLEMENTATIONS = YES;
				CLANG_WARN_DIRECT_OBJC_ISA_USAGE = YES_ERROR;
				CLANG_WARN_DOCUMENTATION_COMMENTS = YES;
				CLANG_WARN_EMPTY_BODY = YES;
				CLANG_WARN_ENUM_CONVERSION = YES;
				CLANG_WARN_INFINITE_RECURSION = YES;
				CLANG_WARN_INT_CONVERSION = YES;
				CLANG_WARN_NON_LITERAL_NULL_CONVERSION = YES;
				CLANG_WARN_OBJC_IMPLICIT_RETAIN_SELF = YES;
				CLANG_WARN_OBJC_LITERAL_CONVERSION = YES;
				CLANG_WARN_OBJC_ROOT_CLASS = YES_ERROR;
				CLANG_WARN_QUOTED_INCLUDE_IN_FRAMEWORK_HEADER = YES;
				CLANG_WARN_RANGE_LOOP_ANALYSIS = YES;
				CLANG_WARN_STRICT_PROTOTYPES = YES;
				CLANG_WARN_SUSPICIOUS_MOVE = YES;
				CLANG_WARN_UNGUARDED_AVAILABILITY = YES_AGGRESSIVE;
				CLANG_WARN_UNREACHABLE_CODE = YES;
				CLANG_WARN__DUPLICATE_METHOD_MATCH = YES;
				COPY_PHASE_STRIP = NO;
				DEBUG_INFORMATION_FORMAT = "dwarf-with-dsym";
				ENABLE_NS_ASSERTIONS = NO;
				ENABLE_STRICT_OBJC_MSGSEND = YES;
				GCC_C_LANGUAGE_STANDARD = gnu11;
				GCC_NO_COMMON_BLOCKS = YES;
				GCC_WARN_64_TO_32_BIT_CONVERSION = YES;
				GCC_WARN_ABOUT_RETURN_TYPE = YES_ERROR;
				GCC_WARN_UNDECLARED_SELECTOR = YES;
				GCC_WARN_UNINITIALIZED_AUTOS = YES_AGGRESSIVE;
				GCC_WARN_UNUSED_FUNCTION = YES;
				GCC_WARN_UNUSED_VARIABLE = YES;
				IPHONEOS_DEPLOYMENT_TARGET = 14.5;
				MTL_ENABLE_DEBUG_INFO = NO;
				MTL_FAST_MATH = YES;
				SDKROOT = iphoneos;
				SWIFT_COMPILATION_MODE = wholemodule;
				SWIFT_OPTIMIZATION_LEVEL = "-O";
				VALIDATE_PRODUCT = YES;
			};
			name = Release;
		};
		5599AF1126C6AA7200346181 /* Debug */ = {
			isa = XCBuildConfiguration;
			buildSettings = {
				ASSETCATALOG_COMPILER_APPICON_NAME = AppIcon;
				ASSETCATALOG_COMPILER_GLOBAL_ACCENT_COLOR_NAME = AccentColor;
				CODE_SIGN_STYLE = Automatic;
				DEVELOPMENT_ASSET_PATHS = "\"Best Sellers/Preview Content\"";
				DEVELOPMENT_TEAM = NGBA5QG5TU;
				ENABLE_PREVIEWS = YES;
				INFOPLIST_FILE = "Best Sellers/Info.plist";
				IPHONEOS_DEPLOYMENT_TARGET = 14.0;
				LD_RUNPATH_SEARCH_PATHS = (
					"$(inherited)",
					"@executable_path/Frameworks",
				);
				PRODUCT_BUNDLE_IDENTIFIER = "com.ivanvillanueva.Best-Sellers";
				PRODUCT_NAME = "$(TARGET_NAME)";
				SWIFT_VERSION = 5.0;
				TARGETED_DEVICE_FAMILY = "1,2";
			};
			name = Debug;
		};
		5599AF1226C6AA7200346181 /* Release */ = {
			isa = XCBuildConfiguration;
			buildSettings = {
				ASSETCATALOG_COMPILER_APPICON_NAME = AppIcon;
				ASSETCATALOG_COMPILER_GLOBAL_ACCENT_COLOR_NAME = AccentColor;
				CODE_SIGN_STYLE = Automatic;
				DEVELOPMENT_ASSET_PATHS = "\"Best Sellers/Preview Content\"";
				DEVELOPMENT_TEAM = NGBA5QG5TU;
				ENABLE_PREVIEWS = YES;
				INFOPLIST_FILE = "Best Sellers/Info.plist";
				IPHONEOS_DEPLOYMENT_TARGET = 14.0;
				LD_RUNPATH_SEARCH_PATHS = (
					"$(inherited)",
					"@executable_path/Frameworks",
				);
				PRODUCT_BUNDLE_IDENTIFIER = "com.ivanvillanueva.Best-Sellers";
				PRODUCT_NAME = "$(TARGET_NAME)";
				SWIFT_VERSION = 5.0;
				TARGETED_DEVICE_FAMILY = "1,2";
			};
			name = Release;
		};
/* End XCBuildConfiguration section */

/* Begin XCConfigurationList section */
		5599AEFC26C6AA7000346181 /* Build configuration list for PBXProject "Best Sellers" */ = {
			isa = XCConfigurationList;
			buildConfigurations = (
				5599AF0E26C6AA7200346181 /* Debug */,
				5599AF0F26C6AA7200346181 /* Release */,
			);
			defaultConfigurationIsVisible = 0;
			defaultConfigurationName = Release;
		};
		5599AF1026C6AA7200346181 /* Build configuration list for PBXNativeTarget "Best Sellers" */ = {
			isa = XCConfigurationList;
			buildConfigurations = (
				5599AF1126C6AA7200346181 /* Debug */,
				5599AF1226C6AA7200346181 /* Release */,
			);
			defaultConfigurationIsVisible = 0;
			defaultConfigurationName = Release;
		};
/* End XCConfigurationList section */
	};
	rootObject = 5599AEF926C6AA7000346181 /* Project object */;
}
